
Microsoft Visual Studio Solution File, Format Version 12.00
# Visual Studio Version 16
VisualStudioVersion = 16.0.32106.194
MinimumVisualStudioVersion = 10.0.40219.1
Project("{FAE04EC0-301F-11D3-BF4B-00C04F79EFBC}") = "Angular_winforms", "Angular_winforms\Angular_winforms.csproj", "{28968F00-AE48-43F9-A83C-034F5BEAF5E0}"
EndProject
Global
	GlobalSection(SolutionConfigurationPlatforms) = preSolution
		Debug|Any CPU = Debug|Any CPU
		Release|Any CPU = Release|Any CPU
	EndGlobalSection
	GlobalSection(ProjectConfigurationPlatforms) = postSolution
		{28968F00-AE48-43F9-A83C-034F5BEAF5E0}.Debug|Any CPU.ActiveCfg = Debug|Any CPU
		{28968F00-AE48-43F9-A83C-034F5BEAF5E0}.Debug|Any CPU.Build.0 = Debug|Any CPU
		{28968F00-AE48-43F9-A83C-034F5BEAF5E0}.Release|Any CPU.ActiveCfg = Release|Any CPU
		{28968F00-AE48-43F9-A83C-034F5BEAF5E0}.Release|Any CPU.Build.0 = Release|Any CPU
	EndGlobalSection
	GlobalSection(SolutionProperties) = preSolution
		HideSolutionNode = FALSE
	EndGlobalSection
	GlobalSection(ExtensibilityGlobals) = postSolution
		SolutionGuid = {B63E7B7D-8BCE-409B-AE4D-9042D6D9A430}
	EndGlobalSection
EndGlobal
